
Microsoft Visual Studio Solution File, Format Version 12.00
# Visual Studio 15
VisualStudioVersion = 15.0.27703.2042
MinimumVisualStudioVersion = 10.0.40219.1
Project("{FAE04EC0-301F-11D3-BF4B-00C04F79EFBC}") = "KBP", "KBP\KBP.csproj", "{903EFDA1-A6CD-4016-A820-6B76966DAE1E}"
EndProject
Global
	GlobalSection(SolutionConfigurationPlatforms) = preSolution
		Debug|Any CPU = Debug|Any CPU
		Release|Any CPU = Release|Any CPU
	EndGlobalSection
	GlobalSection(ProjectConfigurationPlatforms) = postSolution
		{903EFDA1-A6CD-4016-A820-6B76966DAE1E}.Debug|Any CPU.ActiveCfg = Debug|Any CPU
		{903EFDA1-A6CD-4016-A820-6B76966DAE1E}.Debug|Any CPU.Build.0 = Debug|Any CPU
		{903EFDA1-A6CD-4016-A820-6B76966DAE1E}.Release|Any CPU.ActiveCfg = Release|Any CPU
		{903EFDA1-A6CD-4016-A820-6B76966DAE1E}.Release|Any CPU.Build.0 = Release|Any CPU
	EndGlobalSection
	GlobalSection(SolutionProperties) = preSolution
		HideSolutionNode = FALSE
	EndGlobalSection
	GlobalSection(ExtensibilityGlobals) = postSolution
		SolutionGuid = {191E84E5-236A-4952-93E9-3913AD2454B0}
	EndGlobalSection
EndGlobal
